
Microsoft Visual Studio Solution File, Format Version 12.00
# Visual Studio Version 17
VisualStudioVersion = 17.3.32804.467
MinimumVisualStudioVersion = 10.0.40219.1
Project("{FAE04EC0-301F-11D3-BF4B-00C04F79EFBC}") = "UnitTesting", "UnitTesting\UnitTesting.csproj", "{4D936EF9-BB14-4BB2-81E5-E5C7ED4E9F15}"
EndProject
Project("{FAE04EC0-301F-11D3-BF4B-00C04F79EFBC}") = "TestUnitTest", "TestUnitTest\TestUnitTest.csproj", "{F9607BCE-9AAC-46B7-8B82-EE62A1D14D65}"
EndProject
Global
	GlobalSection(SolutionConfigurationPlatforms) = preSolution
		Debug|Any CPU = Debug|Any CPU
		Release|Any CPU = Release|Any CPU
	EndGlobalSection
	GlobalSection(ProjectConfigurationPlatforms) = postSolution
		{4D936EF9-BB14-4BB2-81E5-E5C7ED4E9F15}.Debug|Any CPU.ActiveCfg = Debug|Any CPU
		{4D936EF9-BB14-4BB2-81E5-E5C7ED4E9F15}.Debug|Any CPU.Build.0 = Debug|Any CPU
		{4D936EF9-BB14-4BB2-81E5-E5C7ED4E9F15}.Release|Any CPU.ActiveCfg = Release|Any CPU
		{4D936EF9-BB14-4BB2-81E5-E5C7ED4E9F15}.Release|Any CPU.Build.0 = Release|Any CPU
		{F9607BCE-9AAC-46B7-8B82-EE62A1D14D65}.Debug|Any CPU.ActiveCfg = Debug|Any CPU
		{F9607BCE-9AAC-46B7-8B82-EE62A1D14D65}.Debug|Any CPU.Build.0 = Debug|Any CPU
		{F9607BCE-9AAC-46B7-8B82-EE62A1D14D65}.Release|Any CPU.ActiveCfg = Release|Any CPU
		{F9607BCE-9AAC-46B7-8B82-EE62A1D14D65}.Release|Any CPU.Build.0 = Release|Any CPU
	EndGlobalSection
	GlobalSection(SolutionProperties) = preSolution
		HideSolutionNode = FALSE
	EndGlobalSection
	GlobalSection(ExtensibilityGlobals) = postSolution
		SolutionGuid = {BF480F3C-BBDA-4AEE-AC78-20B71832B187}
	EndGlobalSection
EndGlobal
