
Microsoft Visual Studio Solution File, Format Version 12.00
# Visual Studio Version 17
VisualStudioVersion = 17.3.32804.467
MinimumVisualStudioVersion = 10.0.40219.1
Project("{FAE04EC0-301F-11D3-BF4B-00C04F79EFBC}") = "FoodShop", "FoodShop\FoodShop.csproj", "{7838AE8B-9EEF-4240-B31C-160AE814A2CC}"
EndProject
Global
	GlobalSection(SolutionConfigurationPlatforms) = preSolution
		Debug|Any CPU = Debug|Any CPU
		Release|Any CPU = Release|Any CPU
	EndGlobalSection
	GlobalSection(ProjectConfigurationPlatforms) = postSolution
		{7838AE8B-9EEF-4240-B31C-160AE814A2CC}.Debug|Any CPU.ActiveCfg = Debug|Any CPU
		{7838AE8B-9EEF-4240-B31C-160AE814A2CC}.Debug|Any CPU.Build.0 = Debug|Any CPU
		{7838AE8B-9EEF-4240-B31C-160AE814A2CC}.Release|Any CPU.ActiveCfg = Release|Any CPU
		{7838AE8B-9EEF-4240-B31C-160AE814A2CC}.Release|Any CPU.Build.0 = Release|Any CPU
	EndGlobalSection
	GlobalSection(SolutionProperties) = preSolution
		HideSolutionNode = FALSE
	EndGlobalSection
	GlobalSection(ExtensibilityGlobals) = postSolution
		SolutionGuid = {FCD1B751-5F32-4C65-99A2-6510E75F0A47}
	EndGlobalSection
EndGlobal
