
Microsoft Visual Studio Solution File, Format Version 12.00
# Visual Studio Version 17
VisualStudioVersion = 17.3.32804.467
MinimumVisualStudioVersion = 10.0.40219.1
Project("{FAE04EC0-301F-11D3-BF4B-00C04F79EFBC}") = "Inheritance", "Inheritance\Inheritance.csproj", "{ECDFDD06-3929-48C4-B604-FC6502F19293}"
EndProject
Global
	GlobalSection(SolutionConfigurationPlatforms) = preSolution
		Debug|Any CPU = Debug|Any CPU
		Release|Any CPU = Release|Any CPU
	EndGlobalSection
	GlobalSection(ProjectConfigurationPlatforms) = postSolution
		{ECDFDD06-3929-48C4-B604-FC6502F19293}.Debug|Any CPU.ActiveCfg = Debug|Any CPU
		{ECDFDD06-3929-48C4-B604-FC6502F19293}.Debug|Any CPU.Build.0 = Debug|Any CPU
		{ECDFDD06-3929-48C4-B604-FC6502F19293}.Release|Any CPU.ActiveCfg = Release|Any CPU
		{ECDFDD06-3929-48C4-B604-FC6502F19293}.Release|Any CPU.Build.0 = Release|Any CPU
	EndGlobalSection
	GlobalSection(SolutionProperties) = preSolution
		HideSolutionNode = FALSE
	EndGlobalSection
	GlobalSection(ExtensibilityGlobals) = postSolution
		SolutionGuid = {2D37B03C-D686-4C7D-84EC-2BE14C65F5C0}
	EndGlobalSection
EndGlobal
